
Microsoft Visual Studio Solution File, Format Version 12.00
# Visual Studio Version 17
VisualStudioVersion = 17.0.31903.59
MinimumVisualStudioVersion = 10.0.40219.1
Project("{9A19103F-16F7-4668-BE54-9A1E7A4F7556}") = "CSharp", "CSharp\CSharp.csproj", "{D74BBE7C-8933-4F9B-B2DC-0471879A60DC}"
EndProject
Project("{6EC3EE1D-3C4E-46DD-8F32-0CC8E7565705}") = "FSharp", "FSharp\FSharp.fsproj", "{C567386E-863D-4839-AC9B-16C3C23514E6}"
EndProject
Global
	GlobalSection(SolutionConfigurationPlatforms) = preSolution
		Debug|Any CPU = Debug|Any CPU
		Release|Any CPU = Release|Any CPU
	EndGlobalSection
	GlobalSection(ProjectConfigurationPlatforms) = postSolution
		{D74BBE7C-8933-4F9B-B2DC-0471879A60DC}.Debug|Any CPU.ActiveCfg = Debug|Any CPU
		{D74BBE7C-8933-4F9B-B2DC-0471879A60DC}.Debug|Any CPU.Build.0 = Debug|Any CPU
		{D74BBE7C-8933-4F9B-B2DC-0471879A60DC}.Release|Any CPU.ActiveCfg = Release|Any CPU
		{D74BBE7C-8933-4F9B-B2DC-0471879A60DC}.Release|Any CPU.Build.0 = Release|Any CPU
		{C567386E-863D-4839-AC9B-16C3C23514E6}.Debug|Any CPU.ActiveCfg = Debug|Any CPU
		{C567386E-863D-4839-AC9B-16C3C23514E6}.Debug|Any CPU.Build.0 = Debug|Any CPU
		{C567386E-863D-4839-AC9B-16C3C23514E6}.Release|Any CPU.ActiveCfg = Release|Any CPU
		{C567386E-863D-4839-AC9B-16C3C23514E6}.Release|Any CPU.Build.0 = Release|Any CPU
	EndGlobalSection
	GlobalSection(SolutionProperties) = preSolution
		HideSolutionNode = FALSE
	EndGlobalSection
	GlobalSection(ExtensibilityGlobals) = postSolution
		SolutionGuid = {E53CF97C-95EA-4011-8E51-BB9B2EA56DB8}
	EndGlobalSection
EndGlobal
